{
  "requires": true,
  "lockfileVersion": 1,
  "dependencies": {
    "ambrosentk-api-helper": {
      "version": "1.0.0",
      "resolved": "https://registry.npmjs.org/ambrosentk-api-helper/-/ambrosentk-api-helper-1.0.0.tgz",
      "integrity": "sha512-yPdnUwK1K7uDt0FGf/XUTaVCTGZTbTP2AEPIrsxpX9P6Ui31ILKaISgWux7rjcvG2oH/WsDishNbNDe5Lyco5w=="
    }
  }
}
